
Microsoft Visual Studio Solution File, Format Version 12.00
# Visual Studio Version 17
VisualStudioVersion = 17.7.34031.279
MinimumVisualStudioVersion = 10.0.40219.1
Project("{FAE04EC0-301F-11D3-BF4B-00C04F79EFBC}") = "Csharp-masterkurs", "Csharp-masterkurs.csproj", "{17AF004D-3DF9-47E5-A71F-8AB216ACB152}"
EndProject
Global
	GlobalSection(SolutionConfigurationPlatforms) = preSolution
		Debug|Any CPU = Debug|Any CPU
		Release|Any CPU = Release|Any CPU
	EndGlobalSection
	GlobalSection(ProjectConfigurationPlatforms) = postSolution
		{17AF004D-3DF9-47E5-A71F-8AB216ACB152}.Debug|Any CPU.ActiveCfg = Debug|Any CPU
		{17AF004D-3DF9-47E5-A71F-8AB216ACB152}.Debug|Any CPU.Build.0 = Debug|Any CPU
		{17AF004D-3DF9-47E5-A71F-8AB216ACB152}.Release|Any CPU.ActiveCfg = Release|Any CPU
		{17AF004D-3DF9-47E5-A71F-8AB216ACB152}.Release|Any CPU.Build.0 = Release|Any CPU
	EndGlobalSection
	GlobalSection(SolutionProperties) = preSolution
		HideSolutionNode = FALSE
	EndGlobalSection
	GlobalSection(ExtensibilityGlobals) = postSolution
		SolutionGuid = {B3EF4D8E-EEEF-4BDB-A638-F26258D22224}
	EndGlobalSection
EndGlobal
